<?xml version="1.0" encoding="utf-8"?>
<Project ToolsVersion="4.0" xmlns="http://schemas.microsoft.com/developer/msbuild/2003">
  <ItemGroup>
    <Filter Include="Source Files">
      <UniqueIdentifier>{4FC737F1-C7A5-4376-A066-2A32D752A2FF}</UniqueIdentifier>
      <Extensions>cpp;c;cc;cxx;c++;cppm;ixx;def;odl;idl;hpj;bat;asm;asmx</Extensions>
    </Filter>
    <Filter Include="Header Files">
      <UniqueIdentifier>{93995380-89BD-4b04-88EB-625FBE52EBFB}</UniqueIdentifier>
      <Extensions>h;hh;hpp;hxx;h++;hm;inl;inc;ipp;xsd</Extensions>
    </Filter>
    <Filter Include="Resource Files">
      <UniqueIdentifier>{67DA6AB6-F800-4c08-8B7A-83BB121AAD01}</UniqueIdentifier>
      <Extensions>rc;ico;cur;bmp;dlg;rc2;rct;bin;rgs;gif;jpg;jpeg;jpe;resx;tiff;tif;png;wav;mfcribbon-ms</Extensions>
    </Filter>
    <Filter Include="Header Files\utilities">
      <UniqueIdentifier>{5b531374-526c-42b4-a62b-73b132fa9885}</UniqueIdentifier>
    </Filter>
    <Filter Include="Source Files\utilities">
      <UniqueIdentifier>{864f1969-89c8-41a2-b942-2c26ffbde874}</UniqueIdentifier>
    </Filter>
    <Filter Include="Header Files\scene">
      <UniqueIdentifier>{96f0154f-1977-4f1d-bcf0-b7a6b8b0a3c0}</UniqueIdentifier>
    </Filter>
    <Filter Include="Source Files\scene">
      <UniqueIdentifier>{f4b7875f-8ddb-4bbc-93a4-1c8002b40c54}</UniqueIdentifier>
    </Filter>
    <Filter Include="Header Files\scene\gameObjects">
      <UniqueIdentifier>{15be0b2e-cf06-4d43-93c9-09654fe34019}</UniqueIdentifier>
    </Filter>
    <Filter Include="Source Files\scene\gameObjects">
      <UniqueIdentifier>{5636a2fb-4114-47ab-b71e-98de9f50d66c}</UniqueIdentifier>
    </Filter>
    <Filter Include="Header Files\inputManager">
      <UniqueIdentifier>{93039089-27ea-47ad-9a21-d3afbb8af2eb}</UniqueIdentifier>
    </Filter>
    <Filter Include="Source Files\inputManager">
      <UniqueIdentifier>{c33eba27-aa5d-4a65-ba2f-ffb0ed617d4c}</UniqueIdentifier>
    </Filter>
    <Filter Include="Header Files\eventsManager">
      <UniqueIdentifier>{4bc21eb9-d848-433d-ac47-07ca78b4ecf9}</UniqueIdentifier>
    </Filter>
    <Filter Include="Source Files\eventsManager">
      <UniqueIdentifier>{0e4503d2-5330-48d4-9dbd-b7b0179ef7d1}</UniqueIdentifier>
    </Filter>
    <Filter Include="Header Files\eventsManager\events">
      <UniqueIdentifier>{ae4d83e3-4372-4119-80e9-abb6596e9a0c}</UniqueIdentifier>
    </Filter>
    <Filter Include="Header Files\animations">
      <UniqueIdentifier>{2fa6b5de-39b0-4eb4-ab39-7884d54dc9a1}</UniqueIdentifier>
    </Filter>
    <Filter Include="Source Files\animations">
      <UniqueIdentifier>{c5ba93cd-2f2a-4b1d-b475-ea58430b9ee1}</UniqueIdentifier>
    </Filter>
    <Filter Include="Header Files\scene\gameObjects\components">
      <UniqueIdentifier>{fa0c4e7d-95b6-4fdf-a6e3-8b93f6086d80}</UniqueIdentifier>
    </Filter>
    <Filter Include="Source Files\scene\gameObjects\components">
      <UniqueIdentifier>{1c62247d-6915-4d37-add1-4ec3541a9e58}</UniqueIdentifier>
    </Filter>
    <Filter Include="Header Files\scene\gameObjects\builder">
      <UniqueIdentifier>{67385f25-bd36-48b9-9ef7-a0ed5c8b996d}</UniqueIdentifier>
    </Filter>
    <Filter Include="Source Files\scene\gameObjects\builder">
      <UniqueIdentifier>{d11e4267-765c-446a-bac9-20351a22213b}</UniqueIdentifier>
    </Filter>
    <Filter Include="Header Files\scene\gameObjects\components\scripts">
      <UniqueIdentifier>{d942f593-2184-43a5-9a06-ded32fbf4269}</UniqueIdentifier>
    </Filter>
    <Filter Include="Source Files\scene\gameObjects\components\scripts">
      <UniqueIdentifier>{11095315-510e-46dd-b767-701cc2c72331}</UniqueIdentifier>
    </Filter>
    <Filter Include="Header Files\animations\stateMachine">
      <UniqueIdentifier>{9d37230f-a0c3-442d-8fef-b7b0d9fb2f26}</UniqueIdentifier>
    </Filter>
    <Filter Include="Source Files\animations\stateMachine">
      <UniqueIdentifier>{9f0ee1d5-6d54-4bb2-b5fc-e714a26ce70a}</UniqueIdentifier>
    </Filter>
    <Filter Include="Header Files\utilities\blackboard">
      <UniqueIdentifier>{2fa6137e-082e-4b42-ac68-a4028126b5ec}</UniqueIdentifier>
    </Filter>
    <Filter Include="Source Files\scene\gameObjects\components\factories">
      <UniqueIdentifier>{34d0baa3-6398-4e9e-8304-e448942771fd}</UniqueIdentifier>
    </Filter>
    <Filter Include="Header Files\scene\gameObjects\components\factories">
      <UniqueIdentifier>{ea0e3583-e8a5-494e-a775-9e2828c306d1}</UniqueIdentifier>
    </Filter>
    <Filter Include="Header Files\scene\gameObjects\blueprints">
      <UniqueIdentifier>{f4b291ce-20dd-451f-a49f-95b034252b3c}</UniqueIdentifier>
    </Filter>
    <Filter Include="Source Files\scene\gameObjects\blueprints">
      <UniqueIdentifier>{dd65f676-8395-4682-b73e-fb622ef44fd7}</UniqueIdentifier>
    </Filter>
    <Filter Include="Header Files\animations\factories">
      <UniqueIdentifier>{b32a9299-3b1e-4333-84d8-5cdb7abd088a}</UniqueIdentifier>
    </Filter>
    <Filter Include="Source Files\animations\factories">
      <UniqueIdentifier>{c97c001d-82a2-4cb9-ba3f-37f140e7e316}</UniqueIdentifier>
    </Filter>
    <Filter Include="Header Files\physics">
      <UniqueIdentifier>{c5f01241-4af3-4956-8b63-8d1086b353eb}</UniqueIdentifier>
    </Filter>
    <Filter Include="Source Files\physics">
      <UniqueIdentifier>{28ce9d3b-2b4f-4749-b901-553c5bac9b3c}</UniqueIdentifier>
    </Filter>
    <Filter Include="Header Files\pathfinder">
      <UniqueIdentifier>{e09bbf75-4d6d-4d9c-ac8c-93ef0404fa01}</UniqueIdentifier>
    </Filter>
    <Filter Include="Source Files\pathfinder">
      <UniqueIdentifier>{7a727191-bf2f-453e-b8e8-4b8b3e23c942}</UniqueIdentifier>
    </Filter>
    <Filter Include="Header Files\physics\colliders">
      <UniqueIdentifier>{1b5341f9-5304-441c-98ab-73528344d645}</UniqueIdentifier>
    </Filter>
    <Filter Include="Source Files\physics\colliders">
      <UniqueIdentifier>{6a5364a8-4493-4554-8a75-22a15fc10727}</UniqueIdentifier>
    </Filter>
    <Filter Include="Header Files\services">
      <UniqueIdentifier>{a08bc1c2-b3c2-40f5-b525-ad745d6b97a9}</UniqueIdentifier>
    </Filter>
    <Filter Include="Source Files\services">
      <UniqueIdentifier>{3a0b928f-928a-48cf-bd23-1c422aeb92fe}</UniqueIdentifier>
    </Filter>
    <Filter Include="Header Files\assets">
      <UniqueIdentifier>{4222a4a4-a9bf-4455-8e86-a87169fee78e}</UniqueIdentifier>
    </Filter>
    <Filter Include="Header Files\assets\tiledMap">
      <UniqueIdentifier>{a1fa749b-969f-4355-bdc3-f8cebc583c74}</UniqueIdentifier>
    </Filter>
    <Filter Include="Header Files\assets\animations">
      <UniqueIdentifier>{e8517f5e-9fa0-4eb7-b2f4-e680e89932c4}</UniqueIdentifier>
    </Filter>
    <Filter Include="Source Files\assets">
      <UniqueIdentifier>{aa0eb773-2a25-4cf5-9041-7115b756396a}</UniqueIdentifier>
    </Filter>
    <Filter Include="Source Files\assets\tiledMap">
      <UniqueIdentifier>{3d845428-28ef-4635-9a39-fbff3154bdb1}</UniqueIdentifier>
    </Filter>
    <Filter Include="Source Files\assets\animations">
      <UniqueIdentifier>{29c474a1-0272-4280-9352-24aa93872275}</UniqueIdentifier>
    </Filter>
    <Filter Include="Source Files\scene\levels">
      <UniqueIdentifier>{04a54d5e-7c0c-43ca-b1f2-010db40e1bf2}</UniqueIdentifier>
    </Filter>
    <Filter Include="Header Files\scene\levels">
      <UniqueIdentifier>{8803d9cf-88a7-4eb8-845f-2744685e65ba}</UniqueIdentifier>
    </Filter>
  </ItemGroup>
  <ItemGroup>
    <ClCompile Include="src\main.cpp">
      <Filter>Source Files</Filter>
    </ClCompile>
    <ClCompile Include="src\rkJson.cpp">
      <Filter>Source Files\utilities</Filter>
    </ClCompile>
    <ClCompile Include="src\rkSceneGraph.cpp">
      <Filter>Source Files\scene</Filter>
    </ClCompile>
    <ClCompile Include="src\rkGameObject.cpp">
      <Filter>Source Files\scene\gameObjects</Filter>
    </ClCompile>
    <ClCompile Include="src\rkSpriteSheet.cpp">
      <Filter>Source Files\assets</Filter>
    </ClCompile>
    <ClCompile Include="src\rkTileSet.cpp">
      <Filter>Source Files\assets\tiledMap</Filter>
    </ClCompile>
    <ClCompile Include="src\rkTileSetsManager.cpp">
      <Filter>Source Files\assets\tiledMap</Filter>
    </ClCompile>
    <ClCompile Include="src\rkTiledSceneFactory.cpp">
      <Filter>Source Files\scene</Filter>
    </ClCompile>
    <ClCompile Include="src\rkInputManager.cpp">
      <Filter>Source Files\inputManager</Filter>
    </ClCompile>
    <ClCompile Include="src\rkEventsManager.cpp">
      <Filter>Source Files\eventsManager</Filter>
    </ClCompile>
    <ClCompile Include="src\rkReferenceTileSet.cpp">
      <Filter>Source Files\assets\tiledMap</Filter>
    </ClCompile>
    <ClCompile Include="src\rkSpriteSheetTileSet.cpp">
      <Filter>Source Files\assets\tiledMap</Filter>
    </ClCompile>
    <ClCompile Include="src\rkImageCollectionTileSet.cpp">
      <Filter>Source Files\assets\tiledMap</Filter>
    </ClCompile>
    <ClCompile Include="src\rkTileSetGrid.cpp">
      <Filter>Source Files\assets\tiledMap</Filter>
    </ClCompile>
    <ClCompile Include="src\rkTileSetTile.cpp">
      <Filter>Source Files\assets\tiledMap</Filter>
    </ClCompile>
    <ClCompile Include="src\rkLayerGameObject.cpp">
      <Filter>Source Files\scene\gameObjects</Filter>
    </ClCompile>
    <ClCompile Include="src\rkEightDirectionsSpriteSheetAnimation.cpp">
      <Filter>Source Files\animations</Filter>
    </ClCompile>
    <ClCompile Include="src\rkEightDirectionsSpriteSheetAnimationDescription.cpp">
      <Filter>Source Files\assets\animations</Filter>
    </ClCompile>
    <ClCompile Include="src\rkComponent.cpp">
      <Filter>Source Files\scene\gameObjects\components</Filter>
    </ClCompile>
    <ClCompile Include="src\rkSpriteComponent.cpp">
      <Filter>Source Files\scene\gameObjects\components</Filter>
    </ClCompile>
    <ClCompile Include="src\rkGameObjectBuilder.cpp">
      <Filter>Source Files\scene\gameObjects\builder</Filter>
    </ClCompile>
    <ClCompile Include="src\rkAnimationComponent.cpp">
      <Filter>Source Files\scene\gameObjects\components</Filter>
    </ClCompile>
    <ClCompile Include="src\rkScriptComponent.cpp">
      <Filter>Source Files\scene\gameObjects\components</Filter>
    </ClCompile>
    <ClCompile Include="src\scripts\rkLucius.cpp">
      <Filter>Source Files\scene\gameObjects\components\scripts</Filter>
    </ClCompile>
    <ClCompile Include="src\rkAnimation.cpp">
      <Filter>Source Files\animations</Filter>
    </ClCompile>
    <ClCompile Include="src\rkAnimationState.cpp">
      <Filter>Source Files\animations</Filter>
    </ClCompile>
    <ClCompile Include="src\rkAnimationStateMachine.cpp">
      <Filter>Source Files\animations\stateMachine</Filter>
    </ClCompile>
    <ClCompile Include="src\rkAnimationStateMachineBuilder.cpp">
      <Filter>Source Files\animations\stateMachine</Filter>
    </ClCompile>
    <ClCompile Include="src\rkAnimationStateTransition.cpp">
      <Filter>Source Files\animations\stateMachine</Filter>
    </ClCompile>
    <ClCompile Include="src\rkFloatComparisonAnimationStateTransition.cpp">
      <Filter>Source Files\animations\stateMachine</Filter>
    </ClCompile>
    <ClCompile Include="src\rkSpriteComponentFactory.cpp">
      <Filter>Source Files\scene\gameObjects\components\factories</Filter>
    </ClCompile>
    <ClCompile Include="src\rkLuciusBlueprint.cpp">
      <Filter>Source Files\scene\gameObjects\blueprints</Filter>
    </ClCompile>
    <ClCompile Include="src\rkAnimationFactory.cpp">
      <Filter>Source Files\animations\factories</Filter>
    </ClCompile>
    <ClCompile Include="src\rkRigidBody.cpp">
      <Filter>Source Files\physics</Filter>
    </ClCompile>
    <ClCompile Include="src\rkPhysicWorld.cpp">
      <Filter>Source Files\physics</Filter>
    </ClCompile>
    <ClCompile Include="src\rkRigidBodyComponent.cpp">
      <Filter>Source Files\scene\gameObjects\components</Filter>
    </ClCompile>
    <ClCompile Include="src\rkBoolComparisonAnimationStateTransition.cpp">
      <Filter>Source Files\animations\stateMachine</Filter>
    </ClCompile>
    <ClCompile Include="src\rkTiledMap.cpp">
      <Filter>Source Files\assets\tiledMap</Filter>
    </ClCompile>
    <ClCompile Include="src\rkRigidBodyComponentFactory.cpp">
      <Filter>Source Files\scene\gameObjects\components\factories</Filter>
    </ClCompile>
    <ClCompile Include="src\rkRigidBodyDebuggedComponent.cpp">
      <Filter>Source Files\scene\gameObjects\components</Filter>
    </ClCompile>
    <ClCompile Include="src\rkSearchNode.cpp">
      <Filter>Source Files\pathfinder</Filter>
    </ClCompile>
    <ClCompile Include="src\rkPathfinder.cpp">
      <Filter>Source Files\pathfinder</Filter>
    </ClCompile>
    <ClCompile Include="src\rkNode.cpp">
      <Filter>Source Files\pathfinder</Filter>
    </ClCompile>
    <ClCompile Include="src\rkNodeMesh.cpp">
      <Filter>Source Files\pathfinder</Filter>
    </ClCompile>
    <ClCompile Include="src\rkNodeLink.cpp">
      <Filter>Source Files\pathfinder</Filter>
    </ClCompile>
    <ClCompile Include="src\rkPathfinderFactory.cpp">
      <Filter>Source Files\pathfinder</Filter>
    </ClCompile>
    <ClCompile Include="src\rkPathfinderComponent.cpp">
      <Filter>Source Files\scene\gameObjects\components</Filter>
    </ClCompile>
    <ClCompile Include="src\rkIsometricPositionTransformer.cpp">
      <Filter>Source Files\utilities</Filter>
    </ClCompile>
    <ClCompile Include="src\scripts\rkLuciusAnimation.cpp">
      <Filter>Source Files\scene\gameObjects\components\scripts</Filter>
    </ClCompile>
    <ClCompile Include="src\scripts\rkAgentPathMovement.cpp">
      <Filter>Source Files\scene\gameObjects\components\scripts</Filter>
    </ClCompile>
    <ClCompile Include="src\rkTiledObject.cpp">
      <Filter>Source Files\assets\tiledMap</Filter>
    </ClCompile>
    <ClCompile Include="src\rkTiledObjectGroup.cpp">
      <Filter>Source Files\assets\tiledMap</Filter>
    </ClCompile>
    <ClCompile Include="src\rkCircleCollider.cpp">
      <Filter>Source Files\physics\colliders</Filter>
    </ClCompile>
    <ClCompile Include="src\rkCollider.cpp">
      <Filter>Source Files\physics\colliders</Filter>
    </ClCompile>
    <ClCompile Include="src\rkColliderComponent.cpp">
      <Filter>Source Files\scene\gameObjects\components</Filter>
    </ClCompile>
    <ClCompile Include="src\rkCircleColliderComponent.cpp">
      <Filter>Source Files\scene\gameObjects\components</Filter>
    </ClCompile>
    <ClCompile Include="src\rkColliderComponentFactory.cpp">
      <Filter>Source Files\scene\gameObjects\components\factories</Filter>
    </ClCompile>
    <ClCompile Include="src\rkPathfinderCollisionMaskUpdater.cpp">
      <Filter>Source Files\pathfinder</Filter>
    </ClCompile>
    <ClCompile Include="src\rkCollidersGroup.cpp">
      <Filter>Source Files\physics\colliders</Filter>
    </ClCompile>
    <ClCompile Include="src\rkIScene.cpp">
      <Filter>Source Files\scene</Filter>
    </ClCompile>
    <ClCompile Include="src\rkScenesManager.cpp">
      <Filter>Source Files\services</Filter>
    </ClCompile>
    <ClCompile Include="src\rkApplication.cpp">
      <Filter>Source Files</Filter>
    </ClCompile>
    <ClCompile Include="src\rkWindowManager.cpp">
      <Filter>Source Files\services</Filter>
    </ClCompile>
    <ClCompile Include="src\rkAssetManager.cpp">
      <Filter>Source Files\services</Filter>
    </ClCompile>
    <ClCompile Include="src\rkILevelScene.cpp">
      <Filter>Source Files\scene</Filter>
    </ClCompile>
    <ClCompile Include="src\rkPathfinderManager.cpp">
      <Filter>Source Files\pathfinder</Filter>
    </ClCompile>
    <ClCompile Include="src\rkViewsManager.cpp">
      <Filter>Source Files\services</Filter>
    </ClCompile>
    <ClCompile Include="src\rkMainScene.cpp">
      <Filter>Source Files\scene\levels</Filter>
    </ClCompile>
  </ItemGroup>
  <ItemGroup>
    <ClInclude Include="include\rkJson.h">
      <Filter>Header Files\utilities</Filter>
    </ClInclude>
    <ClInclude Include="include\rkExceptions.h">
      <Filter>Header Files\utilities</Filter>
    </ClInclude>
    <ClInclude Include="include\rkPrerequisites.h">
      <Filter>Header Files\utilities</Filter>
    </ClInclude>
    <ClInclude Include="include\rkTypeDefinitions.h">
      <Filter>Header Files\utilities</Filter>
    </ClInclude>
    <ClInclude Include="include\rkString.h">
      <Filter>Header Files\utilities</Filter>
    </ClInclude>
    <ClInclude Include="include\rkSceneGraph.h">
      <Filter>Header Files\scene</Filter>
    </ClInclude>
    <ClInclude Include="include\rkGameObject.h">
      <Filter>Header Files\scene\gameObjects</Filter>
    </ClInclude>
    <ClInclude Include="include\rkSpriteSheet.h">
      <Filter>Header Files\assets</Filter>
    </ClInclude>
    <ClInclude Include="include\rkTiledMap.h">
      <Filter>Header Files\assets\tiledMap</Filter>
    </ClInclude>
    <ClInclude Include="include\rkTileSet.h">
      <Filter>Header Files\assets\tiledMap</Filter>
    </ClInclude>
    <ClInclude Include="include\rkTileSetsManager.h">
      <Filter>Header Files\assets\tiledMap</Filter>
    </ClInclude>
    <ClInclude Include="include\rkTileDescription.h">
      <Filter>Header Files\assets\tiledMap</Filter>
    </ClInclude>
    <ClInclude Include="include\rkInputManager.h">
      <Filter>Header Files\inputManager</Filter>
    </ClInclude>
    <ClInclude Include="include\rkInputManagerListener.h">
      <Filter>Header Files\inputManager</Filter>
    </ClInclude>
    <ClInclude Include="include\rkEventsManager.h">
      <Filter>Header Files\eventsManager</Filter>
    </ClInclude>
    <ClInclude Include="include\rkEventsManagerListener.h">
      <Filter>Header Files\eventsManager</Filter>
    </ClInclude>
    <ClInclude Include="include\rkEventType.h">
      <Filter>Header Files\eventsManager</Filter>
    </ClInclude>
    <ClInclude Include="include\rkEvent.h">
      <Filter>Header Files\eventsManager\events</Filter>
    </ClInclude>
    <ClInclude Include="include\rkReferenceTileSet.h">
      <Filter>Header Files\assets\tiledMap</Filter>
    </ClInclude>
    <ClInclude Include="include\rkSpriteSheetTileSet.h">
      <Filter>Header Files\assets\tiledMap</Filter>
    </ClInclude>
    <ClInclude Include="include\rkImageCollectionTileSet.h">
      <Filter>Header Files\assets\tiledMap</Filter>
    </ClInclude>
    <ClInclude Include="include\rkTileSetGrid.h">
      <Filter>Header Files\assets\tiledMap</Filter>
    </ClInclude>
    <ClInclude Include="include\rkTileSetTile.h">
      <Filter>Header Files\assets\tiledMap</Filter>
    </ClInclude>
    <ClInclude Include="include\rkAssertions.h">
      <Filter>Header Files\utilities</Filter>
    </ClInclude>
    <ClInclude Include="include\rkLayerGameObject.h">
      <Filter>Header Files\scene\gameObjects</Filter>
    </ClInclude>
    <ClInclude Include="include\rkEightDirectionsSpriteSheetAnimationDescription.h">
      <Filter>Header Files\assets\animations</Filter>
    </ClInclude>
    <ClInclude Include="include\rkEightDirectionsSpriteSheetAnimation.h">
      <Filter>Header Files\animations</Filter>
    </ClInclude>
    <ClInclude Include="include\rkJsonUtilities.h">
      <Filter>Header Files\utilities</Filter>
    </ClInclude>
    <ClInclude Include="include\rkComponent.h">
      <Filter>Header Files\scene\gameObjects\components</Filter>
    </ClInclude>
    <ClInclude Include="include\rkSpriteComponent.h">
      <Filter>Header Files\scene\gameObjects\components</Filter>
    </ClInclude>
    <ClInclude Include="include\rkGameObjectBuilder.h">
      <Filter>Header Files\scene\gameObjects\builder</Filter>
    </ClInclude>
    <ClInclude Include="include\rkAnimationStateMachineComponent.h">
      <Filter>Header Files\scene\gameObjects\components</Filter>
    </ClInclude>
    <ClInclude Include="include\scripts\rkLucius.h">
      <Filter>Header Files\scene\gameObjects\components\scripts</Filter>
    </ClInclude>
    <ClInclude Include="include\rkScriptComponent.h">
      <Filter>Header Files\scene\gameObjects\components</Filter>
    </ClInclude>
    <ClInclude Include="include\rkComponentType.h">
      <Filter>Header Files\scene\gameObjects\components</Filter>
    </ClInclude>
    <ClInclude Include="include\rkSteerForces.h">
      <Filter>Header Files\utilities</Filter>
    </ClInclude>
    <ClInclude Include="include\rkVector2Utilities.h">
      <Filter>Header Files\utilities</Filter>
    </ClInclude>
    <ClInclude Include="include\rkAnimationStateMachine.h">
      <Filter>Header Files\animations\stateMachine</Filter>
    </ClInclude>
    <ClInclude Include="include\rkAnimationState.h">
      <Filter>Header Files\animations\stateMachine</Filter>
    </ClInclude>
    <ClInclude Include="include\rkAnimation.h">
      <Filter>Header Files\animations</Filter>
    </ClInclude>
    <ClInclude Include="include\rkAnimationType.h">
      <Filter>Header Files\animations</Filter>
    </ClInclude>
    <ClInclude Include="include\rkAnimationStateTransition.h">
      <Filter>Header Files\animations\stateMachine</Filter>
    </ClInclude>
    <ClInclude Include="include\rkAnimationStateMachineBuilder.h">
      <Filter>Header Files\animations\stateMachine</Filter>
    </ClInclude>
    <ClInclude Include="include\rkFloatComparisonAnimationStateTransition.h">
      <Filter>Header Files\animations\stateMachine</Filter>
    </ClInclude>
    <ClInclude Include="include\rkLogicalComparisonType.h">
      <Filter>Header Files\utilities</Filter>
    </ClInclude>
    <ClInclude Include="include\rkLogicalComparisonUtilities.h">
      <Filter>Header Files\utilities</Filter>
    </ClInclude>
    <ClInclude Include="include\rkBoolComparisonAnimationStateTransition.h">
      <Filter>Header Files\animations\stateMachine</Filter>
    </ClInclude>
    <ClInclude Include="include\rkBlackboard.h">
      <Filter>Header Files\utilities\blackboard</Filter>
    </ClInclude>
    <ClInclude Include="include\rkBlackboardValueGroup.h">
      <Filter>Header Files\utilities\blackboard</Filter>
    </ClInclude>
    <ClInclude Include="include\rkSpriteComponentFactory.h">
      <Filter>Header Files\scene\gameObjects\components\factories</Filter>
    </ClInclude>
    <ClInclude Include="include\rkGameObjectBlueprint.h">
      <Filter>Header Files\scene\gameObjects\blueprints</Filter>
    </ClInclude>
    <ClInclude Include="include\rkNonCopyable.h">
      <Filter>Header Files\utilities</Filter>
    </ClInclude>
    <ClInclude Include="include\rkLuciusBlueprint.h">
      <Filter>Header Files\scene\gameObjects\blueprints</Filter>
    </ClInclude>
    <ClInclude Include="include\rkAnimationFactory.h">
      <Filter>Header Files\animations\factories</Filter>
    </ClInclude>
    <ClInclude Include="include\rkRigidBody.h">
      <Filter>Header Files\physics</Filter>
    </ClInclude>
    <ClInclude Include="include\rkRigidBodyType.h">
      <Filter>Header Files\physics</Filter>
    </ClInclude>
    <ClInclude Include="include\rkPhysicWorld.h">
      <Filter>Header Files\physics</Filter>
    </ClInclude>
    <ClInclude Include="include\rkRigidBodyComponent.h">
      <Filter>Header Files\scene\gameObjects\components</Filter>
    </ClInclude>
    <ClInclude Include="include\rkRigidBodyComponentFactory.h">
      <Filter>Header Files\scene\gameObjects\components\factories</Filter>
    </ClInclude>
    <ClInclude Include="include\rkRigidBodyDebuggedComponent.h">
      <Filter>Header Files\scene\gameObjects\components</Filter>
    </ClInclude>
    <ClInclude Include="include\rkPathfinder.h">
      <Filter>Header Files\pathfinder</Filter>
    </ClInclude>
    <ClInclude Include="include\rkSearchNode.h">
      <Filter>Header Files\pathfinder</Filter>
    </ClInclude>
    <ClInclude Include="include\rkNode.h">
      <Filter>Header Files\pathfinder</Filter>
    </ClInclude>
    <ClInclude Include="include\rkNodeMesh.h">
      <Filter>Header Files\pathfinder</Filter>
    </ClInclude>
    <ClInclude Include="include\rkNodeLink.h">
      <Filter>Header Files\pathfinder</Filter>
    </ClInclude>
    <ClInclude Include="include\rkPathfinderFactory.h">
      <Filter>Header Files\pathfinder</Filter>
    </ClInclude>
    <ClInclude Include="include\rkPathfinderComponent.h">
      <Filter>Header Files\scene\gameObjects\components</Filter>
    </ClInclude>
    <ClInclude Include="include\rkIsometricPositionTransformer.h">
      <Filter>Header Files\utilities</Filter>
    </ClInclude>
    <ClInclude Include="include\scripts\rkLuciusStates.h">
      <Filter>Header Files\scene\gameObjects\components\scripts</Filter>
    </ClInclude>
    <ClInclude Include="include\scripts\rkLuciusAnimation.h">
      <Filter>Header Files\scene\gameObjects\components\scripts</Filter>
    </ClInclude>
    <ClInclude Include="include\scripts\rkAgentPathMovement.h">
      <Filter>Header Files\scene\gameObjects\components\scripts</Filter>
    </ClInclude>
    <ClInclude Include="include\rkTiledObject.h">
      <Filter>Header Files\assets\tiledMap</Filter>
    </ClInclude>
    <ClInclude Include="include\rkTiledObjectGroup.h">
      <Filter>Header Files\assets\tiledMap</Filter>
    </ClInclude>
    <ClInclude Include="include\rkTiledSceneFactory.h">
      <Filter>Header Files\scene</Filter>
    </ClInclude>
    <ClInclude Include="include\rkCircleCollider.h">
      <Filter>Header Files\physics\colliders</Filter>
    </ClInclude>
    <ClInclude Include="include\rkCollider.h">
      <Filter>Header Files\physics\colliders</Filter>
    </ClInclude>
    <ClInclude Include="include\rkColliderType.h">
      <Filter>Header Files\physics\colliders</Filter>
    </ClInclude>
    <ClInclude Include="include\rkColliderComponent.h">
      <Filter>Header Files\scene\gameObjects\components</Filter>
    </ClInclude>
    <ClInclude Include="include\rkCircleColliderComponent.h">
      <Filter>Header Files\scene\gameObjects\components</Filter>
    </ClInclude>
    <ClInclude Include="include\rkColliderComponentFactory.h">
      <Filter>Header Files\scene\gameObjects\components\factories</Filter>
    </ClInclude>
    <ClInclude Include="include\rkPhysicWorldListener.h">
      <Filter>Header Files\physics</Filter>
    </ClInclude>
    <ClInclude Include="include\rkPathfinderCollisionMaskUpdater.h">
      <Filter>Header Files\pathfinder</Filter>
    </ClInclude>
    <ClInclude Include="include\rkCollidersGroup.h">
      <Filter>Header Files\physics\colliders</Filter>
    </ClInclude>
    <ClInclude Include="include\rkIScene.h">
      <Filter>Header Files\scene</Filter>
    </ClInclude>
    <ClInclude Include="include\rkServiceLocator.h">
      <Filter>Header Files\services</Filter>
    </ClInclude>
    <ClInclude Include="include\rkIService.h">
      <Filter>Header Files\services</Filter>
    </ClInclude>
    <ClInclude Include="include\rkScenesManager.h">
      <Filter>Header Files\services</Filter>
    </ClInclude>
    <ClInclude Include="include\rkApplication.h">
      <Filter>Header Files</Filter>
    </ClInclude>
    <ClInclude Include="include\rkWindowManager.h">
      <Filter>Header Files\services</Filter>
    </ClInclude>
    <ClInclude Include="include\rkAssetManager.h">
      <Filter>Header Files\services</Filter>
    </ClInclude>
    <ClInclude Include="include\rkILevelScene.h">
      <Filter>Header Files\scene</Filter>
    </ClInclude>
    <ClInclude Include="include\rkPathfinderManager.h">
      <Filter>Header Files\pathfinder</Filter>
    </ClInclude>
    <ClInclude Include="include\rkViewsManager.h">
      <Filter>Header Files\services</Filter>
    </ClInclude>
    <ClInclude Include="include\rkMainScene.h">
      <Filter>Header Files\scene\levels</Filter>
    </ClInclude>
    <ClInclude Include="include\rkIAsset.h">
      <Filter>Header Files\assets</Filter>
    </ClInclude>
    <ClInclude Include="include\rkAssetGroup.h">
      <Filter>Header Files\assets</Filter>
    </ClInclude>
  </ItemGroup>
</Project>