<?xml version="1.0" encoding="utf-8"?>
<Project ToolsVersion="4.0" xmlns="http://schemas.microsoft.com/developer/msbuild/2003">
  <ItemGroup>
    <Filter Include="Source Files">
      <UniqueIdentifier>{4FC737F1-C7A5-4376-A066-2A32D752A2FF}</UniqueIdentifier>
      <Extensions>cpp;c;cc;cxx;c++;cppm;ixx;def;odl;idl;hpj;bat;asm;asmx</Extensions>
    </Filter>
    <Filter Include="Header Files">
      <UniqueIdentifier>{93995380-89BD-4b04-88EB-625FBE52EBFB}</UniqueIdentifier>
      <Extensions>h;hh;hpp;hxx;h++;hm;inl;inc;ipp;xsd</Extensions>
    </Filter>
    <Filter Include="Resource Files">
      <UniqueIdentifier>{67DA6AB6-F800-4c08-8B7A-83BB121AAD01}</UniqueIdentifier>
      <Extensions>rc;ico;cur;bmp;dlg;rc2;rct;bin;rgs;gif;jpg;jpeg;jpe;resx;tiff;tif;png;wav;mfcribbon-ms</Extensions>
    </Filter>
    <Filter Include="Header Files\utilities">
      <UniqueIdentifier>{5b531374-526c-42b4-a62b-73b132fa9885}</UniqueIdentifier>
    </Filter>
    <Filter Include="Header Files\assetManager">
      <UniqueIdentifier>{4222a4a4-a9bf-4455-8e86-a87169fee78e}</UniqueIdentifier>
    </Filter>
    <Filter Include="Source Files\utilities">
      <UniqueIdentifier>{864f1969-89c8-41a2-b942-2c26ffbde874}</UniqueIdentifier>
    </Filter>
    <Filter Include="Source Files\assetManager">
      <UniqueIdentifier>{aa0eb773-2a25-4cf5-9041-7115b756396a}</UniqueIdentifier>
    </Filter>
    <Filter Include="Header Files\scene">
      <UniqueIdentifier>{96f0154f-1977-4f1d-bcf0-b7a6b8b0a3c0}</UniqueIdentifier>
    </Filter>
    <Filter Include="Source Files\scene">
      <UniqueIdentifier>{f4b7875f-8ddb-4bbc-93a4-1c8002b40c54}</UniqueIdentifier>
    </Filter>
    <Filter Include="Header Files\scene\gameObjects">
      <UniqueIdentifier>{15be0b2e-cf06-4d43-93c9-09654fe34019}</UniqueIdentifier>
    </Filter>
    <Filter Include="Source Files\scene\gameObjects">
      <UniqueIdentifier>{5636a2fb-4114-47ab-b71e-98de9f50d66c}</UniqueIdentifier>
    </Filter>
    <Filter Include="Header Files\assetManager\tiledMap">
      <UniqueIdentifier>{a1fa749b-969f-4355-bdc3-f8cebc583c74}</UniqueIdentifier>
    </Filter>
    <Filter Include="Source Files\assetManager\tiledMap">
      <UniqueIdentifier>{3d845428-28ef-4635-9a39-fbff3154bdb1}</UniqueIdentifier>
    </Filter>
    <Filter Include="Header Files\viewsManager">
      <UniqueIdentifier>{21032ac6-e467-48b9-9532-b982b531aaa7}</UniqueIdentifier>
    </Filter>
    <Filter Include="Source Files\viewsManager">
      <UniqueIdentifier>{56f70ba9-48e0-425a-813f-061f00ae469c}</UniqueIdentifier>
    </Filter>
    <Filter Include="Header Files\inputManager">
      <UniqueIdentifier>{93039089-27ea-47ad-9a21-d3afbb8af2eb}</UniqueIdentifier>
    </Filter>
    <Filter Include="Source Files\inputManager">
      <UniqueIdentifier>{c33eba27-aa5d-4a65-ba2f-ffb0ed617d4c}</UniqueIdentifier>
    </Filter>
    <Filter Include="Header Files\eventsManager">
      <UniqueIdentifier>{4bc21eb9-d848-433d-ac47-07ca78b4ecf9}</UniqueIdentifier>
    </Filter>
    <Filter Include="Source Files\eventsManager">
      <UniqueIdentifier>{0e4503d2-5330-48d4-9dbd-b7b0179ef7d1}</UniqueIdentifier>
    </Filter>
    <Filter Include="Header Files\eventsManager\events">
      <UniqueIdentifier>{ae4d83e3-4372-4119-80e9-abb6596e9a0c}</UniqueIdentifier>
    </Filter>
    <Filter Include="Header Files\assetManager\animations">
      <UniqueIdentifier>{e8517f5e-9fa0-4eb7-b2f4-e680e89932c4}</UniqueIdentifier>
    </Filter>
    <Filter Include="Source Files\assetManager\animations">
      <UniqueIdentifier>{29c474a1-0272-4280-9352-24aa93872275}</UniqueIdentifier>
    </Filter>
    <Filter Include="Header Files\animations">
      <UniqueIdentifier>{2fa6b5de-39b0-4eb4-ab39-7884d54dc9a1}</UniqueIdentifier>
    </Filter>
    <Filter Include="Source Files\animations">
      <UniqueIdentifier>{c5ba93cd-2f2a-4b1d-b475-ea58430b9ee1}</UniqueIdentifier>
    </Filter>
    <Filter Include="Header Files\scene\gameObjects\components">
      <UniqueIdentifier>{fa0c4e7d-95b6-4fdf-a6e3-8b93f6086d80}</UniqueIdentifier>
    </Filter>
    <Filter Include="Source Files\scene\gameObjects\components">
      <UniqueIdentifier>{1c62247d-6915-4d37-add1-4ec3541a9e58}</UniqueIdentifier>
    </Filter>
    <Filter Include="Header Files\scene\gameObjects\builder">
      <UniqueIdentifier>{67385f25-bd36-48b9-9ef7-a0ed5c8b996d}</UniqueIdentifier>
    </Filter>
    <Filter Include="Source Files\scene\gameObjects\builder">
      <UniqueIdentifier>{d11e4267-765c-446a-bac9-20351a22213b}</UniqueIdentifier>
    </Filter>
    <Filter Include="Header Files\scene\gameObjects\components\scripts">
      <UniqueIdentifier>{d942f593-2184-43a5-9a06-ded32fbf4269}</UniqueIdentifier>
    </Filter>
    <Filter Include="Source Files\scene\gameObjects\components\scripts">
      <UniqueIdentifier>{11095315-510e-46dd-b767-701cc2c72331}</UniqueIdentifier>
    </Filter>
  </ItemGroup>
  <ItemGroup>
    <ClCompile Include="src\main.cpp">
      <Filter>Source Files</Filter>
    </ClCompile>
    <ClCompile Include="src\rkJson.cpp">
      <Filter>Source Files\utilities</Filter>
    </ClCompile>
    <ClCompile Include="src\rkAssetManager.cpp">
      <Filter>Source Files\assetManager</Filter>
    </ClCompile>
    <ClCompile Include="src\rkSceneGraph.cpp">
      <Filter>Source Files\scene</Filter>
    </ClCompile>
    <ClCompile Include="src\rkGameObject.cpp">
      <Filter>Source Files\scene\gameObjects</Filter>
    </ClCompile>
    <ClCompile Include="src\rkSpriteSheet.cpp">
      <Filter>Source Files\assetManager</Filter>
    </ClCompile>
    <ClCompile Include="include\rkTiledMap.cpp">
      <Filter>Source Files\assetManager\tiledMap</Filter>
    </ClCompile>
    <ClCompile Include="src\rkTileSet.cpp">
      <Filter>Source Files\assetManager\tiledMap</Filter>
    </ClCompile>
    <ClCompile Include="src\rkTileSetsManager.cpp">
      <Filter>Source Files\assetManager\tiledMap</Filter>
    </ClCompile>
    <ClCompile Include="src\rkTiledMapBuilder.cpp">
      <Filter>Source Files\scene</Filter>
    </ClCompile>
    <ClCompile Include="src\rkViewsManager.cpp">
      <Filter>Source Files\viewsManager</Filter>
    </ClCompile>
    <ClCompile Include="src\rkInputManager.cpp">
      <Filter>Source Files\inputManager</Filter>
    </ClCompile>
    <ClCompile Include="src\rkEventsManager.cpp">
      <Filter>Source Files\eventsManager</Filter>
    </ClCompile>
    <ClCompile Include="src\rkReferenceTileSet.cpp">
      <Filter>Source Files\assetManager\tiledMap</Filter>
    </ClCompile>
    <ClCompile Include="src\rkSpriteSheetTileSet.cpp">
      <Filter>Source Files\assetManager\tiledMap</Filter>
    </ClCompile>
    <ClCompile Include="src\rkImageCollectionTileSet.cpp">
      <Filter>Source Files\assetManager\tiledMap</Filter>
    </ClCompile>
    <ClCompile Include="src\rkTileSetGrid.cpp">
      <Filter>Source Files\assetManager\tiledMap</Filter>
    </ClCompile>
    <ClCompile Include="src\rkTileSetTile.cpp">
      <Filter>Source Files\assetManager\tiledMap</Filter>
    </ClCompile>
    <ClCompile Include="src\rkLayerGameObject.cpp">
      <Filter>Source Files\scene\gameObjects</Filter>
    </ClCompile>
    <ClCompile Include="src\rkEightDirectionsSpriteSheetAnimation.cpp">
      <Filter>Source Files\animations</Filter>
    </ClCompile>
    <ClCompile Include="src\rkEightDirectionsSpriteSheetAnimationDescription.cpp">
      <Filter>Source Files\assetManager\animations</Filter>
    </ClCompile>
    <ClCompile Include="src\rkComponent.cpp">
      <Filter>Source Files\scene\gameObjects\components</Filter>
    </ClCompile>
    <ClCompile Include="src\rkSpriteComponent.cpp">
      <Filter>Source Files\scene\gameObjects\components</Filter>
    </ClCompile>
    <ClCompile Include="src\rkGameObjectBuilder.cpp">
      <Filter>Source Files\scene\gameObjects\builder</Filter>
    </ClCompile>
    <ClCompile Include="src\rkAnimationComponent.cpp">
      <Filter>Source Files\scene\gameObjects\components</Filter>
    </ClCompile>
    <ClCompile Include="src\rkScriptComponent.cpp">
      <Filter>Source Files\scene\gameObjects\components\scripts</Filter>
    </ClCompile>
  </ItemGroup>
  <ItemGroup>
    <ClInclude Include="include\rkJson.h">
      <Filter>Header Files\utilities</Filter>
    </ClInclude>
    <ClInclude Include="include\rkExceptions.h">
      <Filter>Header Files\utilities</Filter>
    </ClInclude>
    <ClInclude Include="include\rkPrerequisites.h">
      <Filter>Header Files\utilities</Filter>
    </ClInclude>
    <ClInclude Include="include\rkTypeDefinitions.h">
      <Filter>Header Files\utilities</Filter>
    </ClInclude>
    <ClInclude Include="include\rkString.h">
      <Filter>Header Files\utilities</Filter>
    </ClInclude>
    <ClInclude Include="include\rkAssetManager.h">
      <Filter>Header Files\assetManager</Filter>
    </ClInclude>
    <ClInclude Include="include\rkSceneGraph.h">
      <Filter>Header Files\scene</Filter>
    </ClInclude>
    <ClInclude Include="include\rkGameObject.h">
      <Filter>Header Files\scene\gameObjects</Filter>
    </ClInclude>
    <ClInclude Include="include\rkSpriteSheet.h">
      <Filter>Header Files\assetManager</Filter>
    </ClInclude>
    <ClInclude Include="include\rkTiledMap.h">
      <Filter>Header Files\assetManager\tiledMap</Filter>
    </ClInclude>
    <ClInclude Include="include\rkTileSet.h">
      <Filter>Header Files\assetManager\tiledMap</Filter>
    </ClInclude>
    <ClInclude Include="include\rkTileSetsManager.h">
      <Filter>Header Files\assetManager\tiledMap</Filter>
    </ClInclude>
    <ClInclude Include="include\rkTileDescription.h">
      <Filter>Header Files\assetManager\tiledMap</Filter>
    </ClInclude>
    <ClInclude Include="include\rkTiledMapBuilder.h">
      <Filter>Header Files\scene</Filter>
    </ClInclude>
    <ClInclude Include="include\rkViewsManager.h">
      <Filter>Header Files\viewsManager</Filter>
    </ClInclude>
    <ClInclude Include="include\rkInputManager.h">
      <Filter>Header Files\inputManager</Filter>
    </ClInclude>
    <ClInclude Include="include\rkInputManagerListener.h">
      <Filter>Header Files\inputManager</Filter>
    </ClInclude>
    <ClInclude Include="include\rkEventsManager.h">
      <Filter>Header Files\eventsManager</Filter>
    </ClInclude>
    <ClInclude Include="include\rkEventsManagerListener.h">
      <Filter>Header Files\eventsManager</Filter>
    </ClInclude>
    <ClInclude Include="include\rkEventType.h">
      <Filter>Header Files\eventsManager</Filter>
    </ClInclude>
    <ClInclude Include="include\rkEvent.h">
      <Filter>Header Files\eventsManager\events</Filter>
    </ClInclude>
    <ClInclude Include="include\rkReferenceTileSet.h">
      <Filter>Header Files\assetManager\tiledMap</Filter>
    </ClInclude>
    <ClInclude Include="include\rkSpriteSheetTileSet.h">
      <Filter>Header Files\assetManager\tiledMap</Filter>
    </ClInclude>
    <ClInclude Include="include\rkImageCollectionTileSet.h">
      <Filter>Header Files\assetManager\tiledMap</Filter>
    </ClInclude>
    <ClInclude Include="include\rkTileSetGrid.h">
      <Filter>Header Files\assetManager\tiledMap</Filter>
    </ClInclude>
    <ClInclude Include="include\rkTileSetTile.h">
      <Filter>Header Files\assetManager\tiledMap</Filter>
    </ClInclude>
    <ClInclude Include="include\rkAssertions.h">
      <Filter>Header Files\utilities</Filter>
    </ClInclude>
    <ClInclude Include="include\rkLayerGameObject.h">
      <Filter>Header Files\scene\gameObjects</Filter>
    </ClInclude>
    <ClInclude Include="include\rkEightDirectionsSpriteSheetAnimationDescription.h">
      <Filter>Header Files\assetManager\animations</Filter>
    </ClInclude>
    <ClInclude Include="include\rkEightDirectionsSpriteSheetAnimation.h">
      <Filter>Header Files\animations</Filter>
    </ClInclude>
    <ClInclude Include="include\rkJsonUtilities.h">
      <Filter>Header Files\utilities</Filter>
    </ClInclude>
    <ClInclude Include="include\rkComponent.h">
      <Filter>Header Files\scene\gameObjects\components</Filter>
    </ClInclude>
    <ClInclude Include="include\rkSpriteComponent.h">
      <Filter>Header Files\scene\gameObjects\components</Filter>
    </ClInclude>
    <ClInclude Include="include\rkGameObjectBuilder.h">
      <Filter>Header Files\scene\gameObjects\builder</Filter>
    </ClInclude>
    <ClInclude Include="include\rkAnimationComponent.h">
      <Filter>Header Files\scene\gameObjects\components</Filter>
    </ClInclude>
    <ClInclude Include="src\rkComponentType.h">
      <Filter>Header Files\scene\gameObjects\components</Filter>
    </ClInclude>
    <ClInclude Include="include\rkScriptComponent.h">
      <Filter>Header Files\scene\gameObjects\components\scripts</Filter>
    </ClInclude>
  </ItemGroup>
</Project>