<?xml version="1.0" encoding="utf-8"?>
<Project ToolsVersion="4.0" xmlns="http://schemas.microsoft.com/developer/msbuild/2003">
  <ItemGroup>
    <Filter Include="Source Files">
      <UniqueIdentifier>{4FC737F1-C7A5-4376-A066-2A32D752A2FF}</UniqueIdentifier>
      <Extensions>cpp;c;cc;cxx;c++;cppm;ixx;def;odl;idl;hpj;bat;asm;asmx</Extensions>
    </Filter>
    <Filter Include="Header Files">
      <UniqueIdentifier>{93995380-89BD-4b04-88EB-625FBE52EBFB}</UniqueIdentifier>
      <Extensions>h;hh;hpp;hxx;h++;hm;inl;inc;ipp;xsd</Extensions>
    </Filter>
    <Filter Include="Resource Files">
      <UniqueIdentifier>{67DA6AB6-F800-4c08-8B7A-83BB121AAD01}</UniqueIdentifier>
      <Extensions>rc;ico;cur;bmp;dlg;rc2;rct;bin;rgs;gif;jpg;jpeg;jpe;resx;tiff;tif;png;wav;mfcribbon-ms</Extensions>
    </Filter>
    <Filter Include="Header Files\utilities">
      <UniqueIdentifier>{5b531374-526c-42b4-a62b-73b132fa9885}</UniqueIdentifier>
    </Filter>
    <Filter Include="Header Files\assetManager">
      <UniqueIdentifier>{4222a4a4-a9bf-4455-8e86-a87169fee78e}</UniqueIdentifier>
    </Filter>
    <Filter Include="Source Files\utilities">
      <UniqueIdentifier>{864f1969-89c8-41a2-b942-2c26ffbde874}</UniqueIdentifier>
    </Filter>
    <Filter Include="Source Files\assetManager">
      <UniqueIdentifier>{aa0eb773-2a25-4cf5-9041-7115b756396a}</UniqueIdentifier>
    </Filter>
    <Filter Include="Header Files\scene">
      <UniqueIdentifier>{96f0154f-1977-4f1d-bcf0-b7a6b8b0a3c0}</UniqueIdentifier>
    </Filter>
    <Filter Include="Source Files\scene">
      <UniqueIdentifier>{f4b7875f-8ddb-4bbc-93a4-1c8002b40c54}</UniqueIdentifier>
    </Filter>
    <Filter Include="Header Files\scene\gameObjects">
      <UniqueIdentifier>{15be0b2e-cf06-4d43-93c9-09654fe34019}</UniqueIdentifier>
    </Filter>
    <Filter Include="Source Files\scene\gameObjects">
      <UniqueIdentifier>{5636a2fb-4114-47ab-b71e-98de9f50d66c}</UniqueIdentifier>
    </Filter>
    <Filter Include="Header Files\assetManager\tiledMap">
      <UniqueIdentifier>{a1fa749b-969f-4355-bdc3-f8cebc583c74}</UniqueIdentifier>
    </Filter>
    <Filter Include="Source Files\assetManager\tiledMap">
      <UniqueIdentifier>{3d845428-28ef-4635-9a39-fbff3154bdb1}</UniqueIdentifier>
    </Filter>
  </ItemGroup>
  <ItemGroup>
    <ClCompile Include="src\main.cpp">
      <Filter>Source Files</Filter>
    </ClCompile>
    <ClCompile Include="src\rkJson.cpp">
      <Filter>Source Files\utilities</Filter>
    </ClCompile>
    <ClCompile Include="src\rkAssetManager.cpp">
      <Filter>Source Files\assetManager</Filter>
    </ClCompile>
    <ClCompile Include="src\rkSceneGraph.cpp">
      <Filter>Source Files\scene</Filter>
    </ClCompile>
    <ClCompile Include="src\rkGameObject.cpp">
      <Filter>Source Files\scene\gameObjects</Filter>
    </ClCompile>
    <ClCompile Include="src\rkSpriteGameObject.cpp">
      <Filter>Source Files\scene\gameObjects</Filter>
    </ClCompile>
    <ClCompile Include="src\rkSpriteSheet.cpp">
      <Filter>Source Files\assetManager</Filter>
    </ClCompile>
    <ClCompile Include="include\rkTiledMap.cpp">
      <Filter>Source Files\assetManager\tiledMap</Filter>
    </ClCompile>
    <ClCompile Include="src\rkTileSet.cpp">
      <Filter>Source Files\assetManager\tiledMap</Filter>
    </ClCompile>
    <ClCompile Include="src\rkTileSetsManager.cpp">
      <Filter>Source Files\assetManager\tiledMap</Filter>
    </ClCompile>
  </ItemGroup>
  <ItemGroup>
    <ClInclude Include="include\rkJson.h">
      <Filter>Header Files\utilities</Filter>
    </ClInclude>
    <ClInclude Include="include\rkExceptions.h">
      <Filter>Header Files\utilities</Filter>
    </ClInclude>
    <ClInclude Include="include\rkPrerequisites.h">
      <Filter>Header Files\utilities</Filter>
    </ClInclude>
    <ClInclude Include="include\rkTypeDefinitions.h">
      <Filter>Header Files\utilities</Filter>
    </ClInclude>
    <ClInclude Include="include\rkString.h">
      <Filter>Header Files\utilities</Filter>
    </ClInclude>
    <ClInclude Include="include\rkAssetManager.h">
      <Filter>Header Files\assetManager</Filter>
    </ClInclude>
    <ClInclude Include="include\rkSceneGraph.h">
      <Filter>Header Files\scene</Filter>
    </ClInclude>
    <ClInclude Include="include\rkGameObject.h">
      <Filter>Header Files\scene\gameObjects</Filter>
    </ClInclude>
    <ClInclude Include="include\rkSpriteGameObject.h">
      <Filter>Header Files\scene\gameObjects</Filter>
    </ClInclude>
    <ClInclude Include="include\rkSpriteSheet.h">
      <Filter>Header Files\assetManager</Filter>
    </ClInclude>
    <ClInclude Include="include\rkTiledMap.h">
      <Filter>Header Files\assetManager\tiledMap</Filter>
    </ClInclude>
    <ClInclude Include="include\rkTileSet.h">
      <Filter>Header Files\assetManager\tiledMap</Filter>
    </ClInclude>
    <ClInclude Include="include\rkTileSetsManager.h">
      <Filter>Header Files\assetManager\tiledMap</Filter>
    </ClInclude>
  </ItemGroup>
</Project>