<?xml version="1.0" encoding="utf-8"?>
<Project ToolsVersion="4.0" xmlns="http://schemas.microsoft.com/developer/msbuild/2003">
  <ItemGroup>
    <Filter Include="Source Files">
      <UniqueIdentifier>{4FC737F1-C7A5-4376-A066-2A32D752A2FF}</UniqueIdentifier>
      <Extensions>cpp;c;cc;cxx;c++;cppm;ixx;def;odl;idl;hpj;bat;asm;asmx</Extensions>
    </Filter>
    <Filter Include="Header Files">
      <UniqueIdentifier>{93995380-89BD-4b04-88EB-625FBE52EBFB}</UniqueIdentifier>
      <Extensions>h;hh;hpp;hxx;h++;hm;inl;inc;ipp;xsd</Extensions>
    </Filter>
    <Filter Include="Resource Files">
      <UniqueIdentifier>{67DA6AB6-F800-4c08-8B7A-83BB121AAD01}</UniqueIdentifier>
      <Extensions>rc;ico;cur;bmp;dlg;rc2;rct;bin;rgs;gif;jpg;jpeg;jpe;resx;tiff;tif;png;wav;mfcribbon-ms</Extensions>
    </Filter>
    <Filter Include="Header Files\parsers">
      <UniqueIdentifier>{1ee2bbab-6e23-4dc4-9b23-ecf32c618940}</UniqueIdentifier>
    </Filter>
    <Filter Include="Header Files\utilities">
      <UniqueIdentifier>{0af499e3-874d-4262-8c0f-a4056d3711a1}</UniqueIdentifier>
    </Filter>
    <Filter Include="Source Files\utilities">
      <UniqueIdentifier>{6e72bd00-77b3-4823-8bb6-31ce5d3a906b}</UniqueIdentifier>
    </Filter>
    <Filter Include="Source Files\parsers">
      <UniqueIdentifier>{92d8e78e-e638-4775-914e-c8cc60b335a0}</UniqueIdentifier>
    </Filter>
    <Filter Include="Header Files\mapLayers">
      <UniqueIdentifier>{b515af21-58e2-4463-aa5d-663662f36f2a}</UniqueIdentifier>
    </Filter>
    <Filter Include="Source Files\mapLayers">
      <UniqueIdentifier>{bff6329b-f422-4971-8519-d38488a2a8c2}</UniqueIdentifier>
    </Filter>
    <Filter Include="Header Files\tilesets">
      <UniqueIdentifier>{de835462-98e8-4efb-b8f6-4d280d1055c0}</UniqueIdentifier>
    </Filter>
    <Filter Include="Source Files\tilesets">
      <UniqueIdentifier>{d5fbf756-6236-48bf-b2ee-7974a33b2e60}</UniqueIdentifier>
    </Filter>
  </ItemGroup>
  <ItemGroup>
    <ClCompile Include="src\tmrTiledMapReader.cpp">
      <Filter>Source Files</Filter>
    </ClCompile>
    <ClCompile Include="src\tmrTiledMap.cpp">
      <Filter>Source Files</Filter>
    </ClCompile>
    <ClCompile Include="src\tmrJson.cpp">
      <Filter>Source Files\utilities</Filter>
    </ClCompile>
    <ClCompile Include="src\tmrTiledMapParser.cpp">
      <Filter>Source Files\parsers</Filter>
    </ClCompile>
    <ClCompile Include="src\tmrMapLayer.cpp">
      <Filter>Source Files\mapLayers</Filter>
    </ClCompile>
    <ClCompile Include="src\tmrTileMapLayer.cpp">
      <Filter>Source Files\mapLayers</Filter>
    </ClCompile>
    <ClCompile Include="src\tmrObjectGroupMapLayer.cpp">
      <Filter>Source Files\mapLayers</Filter>
    </ClCompile>
    <ClCompile Include="src\tmrTileMapLayerPaser.cpp">
      <Filter>Source Files\parsers</Filter>
    </ClCompile>
    <ClCompile Include="src\tmrMapLayerParser.cpp">
      <Filter>Source Files\parsers</Filter>
    </ClCompile>
    <ClCompile Include="src\tmrObjectGroupMapLayerParser.cpp">
      <Filter>Source Files\parsers</Filter>
    </ClCompile>
    <ClCompile Include="src\tmrTileSet.cpp">
      <Filter>Source Files\tilesets</Filter>
    </ClCompile>
    <ClCompile Include="src\tmrTileSetParser.cpp">
      <Filter>Source Files\parsers</Filter>
    </ClCompile>
    <ClCompile Include="src\tmrSpriteSheetTileSet.cpp">
      <Filter>Source Files\tilesets</Filter>
    </ClCompile>
    <ClCompile Include="src\tmrSpriteSheetTileSetParser.cpp">
      <Filter>Source Files\parsers</Filter>
    </ClCompile>
    <ClCompile Include="src\tmrReferenceTileSet.cpp">
      <Filter>Source Files\tilesets</Filter>
    </ClCompile>
    <ClCompile Include="src\tmrReferenceTileSetParser.cpp">
      <Filter>Source Files\parsers</Filter>
    </ClCompile>
  </ItemGroup>
  <ItemGroup>
    <ClInclude Include="include\TMR\tmrTiledMapReader.h">
      <Filter>Header Files</Filter>
    </ClInclude>
    <ClInclude Include="include\TMR\tmrPrerequisites.h">
      <Filter>Header Files</Filter>
    </ClInclude>
    <ClInclude Include="include\TMR\tmrTiledMap.h">
      <Filter>Header Files</Filter>
    </ClInclude>
    <ClInclude Include="include\TMR\tmrOrientation.h">
      <Filter>Header Files</Filter>
    </ClInclude>
    <ClInclude Include="include\TMR\tmrRenderOrder.h">
      <Filter>Header Files</Filter>
    </ClInclude>
    <ClInclude Include="include\TMR\tmrTiledMapParser.h">
      <Filter>Header Files\parsers</Filter>
    </ClInclude>
    <ClInclude Include="include\TMR\tmrJson.h">
      <Filter>Header Files\utilities</Filter>
    </ClInclude>
    <ClInclude Include="include\TMR\tmrMapLayer.h">
      <Filter>Header Files\mapLayers</Filter>
    </ClInclude>
    <ClInclude Include="include\TMR\tmrMapLayerType.h">
      <Filter>Header Files\mapLayers</Filter>
    </ClInclude>
    <ClInclude Include="include\TMR\tmrTileMapLayer.h">
      <Filter>Header Files\mapLayers</Filter>
    </ClInclude>
    <ClInclude Include="include\TMR\tmrObjectGroupMapLayer.h">
      <Filter>Header Files\mapLayers</Filter>
    </ClInclude>
    <ClInclude Include="include\TMR\tmrTileMapLayerParser.h">
      <Filter>Header Files\parsers</Filter>
    </ClInclude>
    <ClInclude Include="include\TMR\tmrMapLayerParser.h">
      <Filter>Header Files\parsers</Filter>
    </ClInclude>
    <ClInclude Include="include\TMR\tmrObjectGroupMapLayerParser.h">
      <Filter>Header Files\parsers</Filter>
    </ClInclude>
    <ClInclude Include="include\TMR\tmrTileSet.h">
      <Filter>Header Files\tilesets</Filter>
    </ClInclude>
    <ClInclude Include="include\TMR\tmrTileSetParser.h">
      <Filter>Header Files\parsers</Filter>
    </ClInclude>
    <ClInclude Include="include\TMR\tmrTileSetType.h">
      <Filter>Header Files\tilesets</Filter>
    </ClInclude>
    <ClInclude Include="include\TMR\tmrSpriteSheetTileSet.h">
      <Filter>Header Files\tilesets</Filter>
    </ClInclude>
    <ClInclude Include="include\TMR\tmrSpriteSheetTileSetParser.h">
      <Filter>Header Files\parsers</Filter>
    </ClInclude>
    <ClInclude Include="include\TMR\tmrReferenceTileSet.h">
      <Filter>Header Files\tilesets</Filter>
    </ClInclude>
    <ClInclude Include="include\TMR\tmrReferenceTileSetParser.h">
      <Filter>Header Files\parsers</Filter>
    </ClInclude>
  </ItemGroup>
</Project>